
Microsoft Visual Studio Solution File, Format Version 12.00
# Visual Studio Version 16
VisualStudioVersion = 16.0.31605.320
MinimumVisualStudioVersion = 10.0.40219.1
Project("{FAE04EC0-301F-11D3-BF4B-00C04F79EFBC}") = "DestructorFinalizeDisposeDemo", "DestructorFinalizeDisposeDemo\DestructorFinalizeDisposeDemo.csproj", "{27905A62-C843-49A2-A714-2C72A055137B}"
EndProject
Project("{FAE04EC0-301F-11D3-BF4B-00C04F79EFBC}") = "Disposedemo", "Disposedemo\Disposedemo.csproj", "{1E8E99B0-793A-4203-80C4-B998AA698A08}"
EndProject
Global
	GlobalSection(SolutionConfigurationPlatforms) = preSolution
		Debug|Any CPU = Debug|Any CPU
		Release|Any CPU = Release|Any CPU
	EndGlobalSection
	GlobalSection(ProjectConfigurationPlatforms) = postSolution
		{27905A62-C843-49A2-A714-2C72A055137B}.Debug|Any CPU.ActiveCfg = Debug|Any CPU
		{27905A62-C843-49A2-A714-2C72A055137B}.Debug|Any CPU.Build.0 = Debug|Any CPU
		{27905A62-C843-49A2-A714-2C72A055137B}.Release|Any CPU.ActiveCfg = Release|Any CPU
		{27905A62-C843-49A2-A714-2C72A055137B}.Release|Any CPU.Build.0 = Release|Any CPU
		{1E8E99B0-793A-4203-80C4-B998AA698A08}.Debug|Any CPU.ActiveCfg = Debug|Any CPU
		{1E8E99B0-793A-4203-80C4-B998AA698A08}.Debug|Any CPU.Build.0 = Debug|Any CPU
		{1E8E99B0-793A-4203-80C4-B998AA698A08}.Release|Any CPU.ActiveCfg = Release|Any CPU
		{1E8E99B0-793A-4203-80C4-B998AA698A08}.Release|Any CPU.Build.0 = Release|Any CPU
	EndGlobalSection
	GlobalSection(SolutionProperties) = preSolution
		HideSolutionNode = FALSE
	EndGlobalSection
	GlobalSection(ExtensibilityGlobals) = postSolution
		SolutionGuid = {AE577B21-711C-4CD7-B879-503984697F37}
	EndGlobalSection
EndGlobal
